
Microsoft Visual Studio Solution File, Format Version 12.00
# Visual Studio 14
VisualStudioVersion = 14.0.25420.1
MinimumVisualStudioVersion = 10.0.40219.1
Project("{FAE04EC0-301F-11D3-BF4B-00C04F79EFBC}") = "geocaching", "geocaching\geocaching.csproj", "{D3913C40-2126-4F20-9A9D-D089159D743F}"
EndProject
Project("{FAE04EC0-301F-11D3-BF4B-00C04F79EFBC}") = "CleanUpTool", "CleanUpTool\CleanUpTool.csproj", "{75DBBC7C-4F5C-45C9-A494-DCD968422B66}"
EndProject
Global
	GlobalSection(SolutionConfigurationPlatforms) = preSolution
		Debug|Any CPU = Debug|Any CPU
		Release|Any CPU = Release|Any CPU
	EndGlobalSection
	GlobalSection(ProjectConfigurationPlatforms) = postSolution
		{D3913C40-2126-4F20-9A9D-D089159D743F}.Debug|Any CPU.ActiveCfg = Debug|Any CPU
		{D3913C40-2126-4F20-9A9D-D089159D743F}.Debug|Any CPU.Build.0 = Debug|Any CPU
		{D3913C40-2126-4F20-9A9D-D089159D743F}.Release|Any CPU.ActiveCfg = Release|Any CPU
		{D3913C40-2126-4F20-9A9D-D089159D743F}.Release|Any CPU.Build.0 = Release|Any CPU
		{75DBBC7C-4F5C-45C9-A494-DCD968422B66}.Debug|Any CPU.ActiveCfg = Debug|Any CPU
		{75DBBC7C-4F5C-45C9-A494-DCD968422B66}.Debug|Any CPU.Build.0 = Debug|Any CPU
		{75DBBC7C-4F5C-45C9-A494-DCD968422B66}.Release|Any CPU.ActiveCfg = Release|Any CPU
		{75DBBC7C-4F5C-45C9-A494-DCD968422B66}.Release|Any CPU.Build.0 = Release|Any CPU
	EndGlobalSection
	GlobalSection(SolutionProperties) = preSolution
		HideSolutionNode = FALSE
	EndGlobalSection
EndGlobal
